
Microsoft Visual Studio Solution File, Format Version 12.00
# Visual Studio 15
VisualStudioVersion = 15.0.34112.143
MinimumVisualStudioVersion = 10.0.40219.1
Project("{FAE04EC0-301F-11D3-BF4B-00C04F79EFBC}") = "pega", "pega\pega.csproj", "{8343592B-131B-4BE2-869F-762158F65086}"
EndProject
Global
	GlobalSection(SolutionConfigurationPlatforms) = preSolution
		Debug|Any CPU = Debug|Any CPU
		Release|Any CPU = Release|Any CPU
	EndGlobalSection
	GlobalSection(ProjectConfigurationPlatforms) = postSolution
		{8343592B-131B-4BE2-869F-762158F65086}.Debug|Any CPU.ActiveCfg = Debug|Any CPU
		{8343592B-131B-4BE2-869F-762158F65086}.Debug|Any CPU.Build.0 = Debug|Any CPU
		{8343592B-131B-4BE2-869F-762158F65086}.Release|Any CPU.ActiveCfg = Release|Any CPU
		{8343592B-131B-4BE2-869F-762158F65086}.Release|Any CPU.Build.0 = Release|Any CPU
	EndGlobalSection
	GlobalSection(SolutionProperties) = preSolution
		HideSolutionNode = FALSE
	EndGlobalSection
	GlobalSection(ExtensibilityGlobals) = postSolution
		SolutionGuid = {3C7B2794-3659-4A99-A7D5-E9B81022393B}
	EndGlobalSection
EndGlobal
